
Microsoft Visual Studio Solution File, Format Version 12.00
# Visual Studio Version 17
VisualStudioVersion = 17.11.35327.3
MinimumVisualStudioVersion = 10.0.40219.1
Project("{FAE04EC0-301F-11D3-BF4B-00C04F79EFBC}") = "trpo6", "trpo6.csproj", "{D6A7B05B-2373-4CA4-9C0F-A5A415CC6DD6}"
EndProject
Global
	GlobalSection(SolutionConfigurationPlatforms) = preSolution
		Debug|Any CPU = Debug|Any CPU
		Release|Any CPU = Release|Any CPU
	EndGlobalSection
	GlobalSection(ProjectConfigurationPlatforms) = postSolution
		{D6A7B05B-2373-4CA4-9C0F-A5A415CC6DD6}.Debug|Any CPU.ActiveCfg = Debug|Any CPU
		{D6A7B05B-2373-4CA4-9C0F-A5A415CC6DD6}.Debug|Any CPU.Build.0 = Debug|Any CPU
		{D6A7B05B-2373-4CA4-9C0F-A5A415CC6DD6}.Release|Any CPU.ActiveCfg = Release|Any CPU
		{D6A7B05B-2373-4CA4-9C0F-A5A415CC6DD6}.Release|Any CPU.Build.0 = Release|Any CPU
	EndGlobalSection
	GlobalSection(SolutionProperties) = preSolution
		HideSolutionNode = FALSE
	EndGlobalSection
	GlobalSection(ExtensibilityGlobals) = postSolution
		SolutionGuid = {B4DF7573-7DA9-46B0-844B-25641F60408A}
	EndGlobalSection
EndGlobal
